
Microsoft Visual Studio Solution File, Format Version 12.00
# Visual Studio Version 17
VisualStudioVersion = 17.10.35122.118
MinimumVisualStudioVersion = 10.0.40219.1
Project("{9A19103F-16F7-4668-BE54-9A1E7A4F7556}") = "DK Commerce", "DK Commerce\DK Commerce.csproj", "{CA6F8EC2-C2CB-43FC-9548-CFE91E233FA2}"
EndProject
Project("{FAE04EC0-301F-11D3-BF4B-00C04F79EFBC}") = "DKCommerce Bussines Entity", "DKCommerce Bussines Entity\DKCommerce Bussines Entity.csproj", "{02573701-3752-47AD-AE2F-89ECC9476EC1}"
EndProject
Global
	GlobalSection(SolutionConfigurationPlatforms) = preSolution
		Debug|Any CPU = Debug|Any CPU
		Release|Any CPU = Release|Any CPU
	EndGlobalSection
	GlobalSection(ProjectConfigurationPlatforms) = postSolution
		{CA6F8EC2-C2CB-43FC-9548-CFE91E233FA2}.Debug|Any CPU.ActiveCfg = Debug|Any CPU
		{CA6F8EC2-C2CB-43FC-9548-CFE91E233FA2}.Debug|Any CPU.Build.0 = Debug|Any CPU
		{CA6F8EC2-C2CB-43FC-9548-CFE91E233FA2}.Release|Any CPU.ActiveCfg = Release|Any CPU
		{CA6F8EC2-C2CB-43FC-9548-CFE91E233FA2}.Release|Any CPU.Build.0 = Release|Any CPU
		{02573701-3752-47AD-AE2F-89ECC9476EC1}.Debug|Any CPU.ActiveCfg = Debug|Any CPU
		{02573701-3752-47AD-AE2F-89ECC9476EC1}.Debug|Any CPU.Build.0 = Debug|Any CPU
		{02573701-3752-47AD-AE2F-89ECC9476EC1}.Release|Any CPU.ActiveCfg = Release|Any CPU
		{02573701-3752-47AD-AE2F-89ECC9476EC1}.Release|Any CPU.Build.0 = Release|Any CPU
	EndGlobalSection
	GlobalSection(SolutionProperties) = preSolution
		HideSolutionNode = FALSE
	EndGlobalSection
	GlobalSection(ExtensibilityGlobals) = postSolution
		SolutionGuid = {0E8EA2D1-76EF-4FCA-A90F-55443BCBF9E2}
	EndGlobalSection
EndGlobal
